<?xml version="1.0" encoding="utf-8"?>
<Project ToolsVersion="4.0" xmlns="http://schemas.microsoft.com/developer/msbuild/2003">
  <ItemGroup>
    <Filter Include="Default">
      <UniqueIdentifier>{e0930a53-ce1f-426c-be23-9341c30db385}</UniqueIdentifier>
    </Filter>
    <Filter Include="Default\리소스 파일">
      <UniqueIdentifier>{67DA6AB6-F800-4c08-8B7A-83BB121AAD01}</UniqueIdentifier>
      <Extensions>rc;ico;cur;bmp;dlg;rc2;rct;bin;rgs;gif;jpg;jpeg;jpe;resx;tiff;tif;png;wav;mfcribbon-ms</Extensions>
    </Filter>
    <Filter Include="Engine">
      <UniqueIdentifier>{cb95fe90-9583-42b7-91b7-77291770b93b}</UniqueIdentifier>
    </Filter>
    <Filter Include="Engine\Header">
      <UniqueIdentifier>{b11ee178-f735-4a7f-ae8e-e08a18a1b617}</UniqueIdentifier>
    </Filter>
    <Filter Include="Engine\Core">
      <UniqueIdentifier>{15d9af28-5a08-4b6c-bd74-4805b0fb3c70}</UniqueIdentifier>
    </Filter>
    <Filter Include="Engine\Manager">
      <UniqueIdentifier>{5ef7e492-92c6-4a1d-a874-41e888eae830}</UniqueIdentifier>
    </Filter>
    <Filter Include="Engine\Manager\TimeMgr">
      <UniqueIdentifier>{eb4d9e23-3c28-41f4-ae1d-d6b1f558637a}</UniqueIdentifier>
    </Filter>
    <Filter Include="Engine\Manager\KeyMgr">
      <UniqueIdentifier>{b26f4846-bb81-4ca5-9e55-b595883a8e1a}</UniqueIdentifier>
    </Filter>
    <Filter Include="Engine\Object">
      <UniqueIdentifier>{c4bd3812-90bc-49a1-b110-b33ecc4d9afc}</UniqueIdentifier>
    </Filter>
    <Filter Include="Engine\Scene">
      <UniqueIdentifier>{b2b70501-c138-44b3-a202-a5c38eec7fde}</UniqueIdentifier>
    </Filter>
    <Filter Include="Engine\Manager\SceneMgr">
      <UniqueIdentifier>{65ea6c00-7625-469e-9b33-3573b47aad19}</UniqueIdentifier>
    </Filter>
    <Filter Include="Engine\Scene\Scene_Title">
      <UniqueIdentifier>{e433e9ea-1010-4d25-ab05-ee1bf1bc5279}</UniqueIdentifier>
    </Filter>
    <Filter Include="Engine\Object\Player">
      <UniqueIdentifier>{f584c473-84d6-4814-a676-186989b683ba}</UniqueIdentifier>
    </Filter>
    <Filter Include="Engine\Scene\Scene_Play">
      <UniqueIdentifier>{01b96556-1993-4ce4-b7a4-02037d51feb6}</UniqueIdentifier>
    </Filter>
  </ItemGroup>
  <ItemGroup>
    <ClInclude Include="framework.h">
      <Filter>Default</Filter>
    </ClInclude>
    <ClInclude Include="Resource.h">
      <Filter>Default</Filter>
    </ClInclude>
    <ClInclude Include="targetver.h">
      <Filter>Default</Filter>
    </ClInclude>
    <ClInclude Include="WinAPI_MetalSlug3.h">
      <Filter>Default</Filter>
    </ClInclude>
    <ClInclude Include="Core.h">
      <Filter>Engine\Core</Filter>
    </ClInclude>
    <ClInclude Include="global.h">
      <Filter>Engine\Header</Filter>
    </ClInclude>
    <ClInclude Include="define.h">
      <Filter>Engine\Header</Filter>
    </ClInclude>
    <ClInclude Include="TimeMgr.h">
      <Filter>Engine\Manager\TimeMgr</Filter>
    </ClInclude>
    <ClInclude Include="KeyMgr.h">
      <Filter>Engine\Manager\KeyMgr</Filter>
    </ClInclude>
    <ClInclude Include="Scene.h">
      <Filter>Engine\Scene</Filter>
    </ClInclude>
    <ClInclude Include="SceneMgr.h">
      <Filter>Engine\Manager\SceneMgr</Filter>
    </ClInclude>
    <ClInclude Include="enums.h">
      <Filter>Engine\Header</Filter>
    </ClInclude>
    <ClInclude Include="struct.h">
      <Filter>Engine\Header</Filter>
    </ClInclude>
    <ClInclude Include="Object.h">
      <Filter>Engine\Object</Filter>
    </ClInclude>
    <ClInclude Include="Player.h">
      <Filter>Engine\Object\Player</Filter>
    </ClInclude>
    <ClInclude Include="Scene_Title.h">
      <Filter>Engine\Scene\Scene_Title</Filter>
    </ClInclude>
    <ClInclude Include="Scene_Play.h">
      <Filter>Engine\Scene\Scene_Play</Filter>
    </ClInclude>
    <ClInclude Include="func.h">
      <Filter>Engine\Header</Filter>
    </ClInclude>
  </ItemGroup>
  <ItemGroup>
    <ResourceCompile Include="WinAPI_MetalSlug3.rc">
      <Filter>Default\리소스 파일</Filter>
    </ResourceCompile>
  </ItemGroup>
  <ItemGroup>
    <Image Include="small.ico">
      <Filter>Default\리소스 파일</Filter>
    </Image>
    <Image Include="WinAPI_MetalSlug3.ico">
      <Filter>Default\리소스 파일</Filter>
    </Image>
  </ItemGroup>
  <ItemGroup>
    <ClCompile Include="main.cpp" />
    <ClCompile Include="Core.cpp">
      <Filter>Engine\Core</Filter>
    </ClCompile>
    <ClCompile Include="TimeMgr.cpp">
      <Filter>Engine\Manager\TimeMgr</Filter>
    </ClCompile>
    <ClCompile Include="KeyMgr.cpp">
      <Filter>Engine\Manager\KeyMgr</Filter>
    </ClCompile>
    <ClCompile Include="Scene.cpp">
      <Filter>Engine\Scene</Filter>
    </ClCompile>
    <ClCompile Include="SceneMgr.cpp">
      <Filter>Engine\Manager\SceneMgr</Filter>
    </ClCompile>
    <ClCompile Include="Object.cpp">
      <Filter>Engine\Object</Filter>
    </ClCompile>
    <ClCompile Include="Player.cpp">
      <Filter>Engine\Object\Player</Filter>
    </ClCompile>
    <ClCompile Include="Scene_Title.cpp">
      <Filter>Engine\Scene\Scene_Title</Filter>
    </ClCompile>
    <ClCompile Include="Scene_Play.cpp">
      <Filter>Engine\Scene\Scene_Play</Filter>
    </ClCompile>
    <ClCompile Include="func.cpp">
      <Filter>Engine\Header</Filter>
    </ClCompile>
  </ItemGroup>
</Project>